
Microsoft Visual Studio Solution File, Format Version 11.00
# Visual Studio 2010
Project("{FAE04EC0-301F-11D3-BF4B-00C04F79EFBC}") = "AutoClicker", "AutoClicker\AutoClicker.csproj", "{A663DC66-3B72-4B9A-AC09-02A471C7C3A6}"
EndProject
Global
	GlobalSection(SolutionConfigurationPlatforms) = preSolution
		Debug|x86 = Debug|x86
		Release|x86 = Release|x86
	EndGlobalSection
	GlobalSection(ProjectConfigurationPlatforms) = postSolution
		{A663DC66-3B72-4B9A-AC09-02A471C7C3A6}.Debug|x86.ActiveCfg = Debug|x86
		{A663DC66-3B72-4B9A-AC09-02A471C7C3A6}.Debug|x86.Build.0 = Debug|x86
		{A663DC66-3B72-4B9A-AC09-02A471C7C3A6}.Release|x86.ActiveCfg = Release|x86
		{A663DC66-3B72-4B9A-AC09-02A471C7C3A6}.Release|x86.Build.0 = Release|x86
	EndGlobalSection
	GlobalSection(SolutionProperties) = preSolution
		HideSolutionNode = FALSE
	EndGlobalSection
EndGlobal
